
Microsoft Visual Studio Solution File, Format Version 12.00
# Visual Studio 15
VisualStudioVersion = 15.0.27004.2009
MinimumVisualStudioVersion = 10.0.40219.1
Project("{9092AA53-FB77-4645-B42D-1CCCA6BD08BD}") = "Cityeasy_PostMsg_Server_Demo", "Cityeasy_PostMsg_Server_Demo\Cityeasy_PostMsg_Server_Demo.njsproj", "{98320812-3927-4F4A-B27A-40ABDDFDC9F0}"
EndProject
Global
	GlobalSection(SolutionConfigurationPlatforms) = preSolution
		Debug|Any CPU = Debug|Any CPU
		Release|Any CPU = Release|Any CPU
	EndGlobalSection
	GlobalSection(ProjectConfigurationPlatforms) = postSolution
		{98320812-3927-4F4A-B27A-40ABDDFDC9F0}.Debug|Any CPU.ActiveCfg = Debug|Any CPU
		{98320812-3927-4F4A-B27A-40ABDDFDC9F0}.Debug|Any CPU.Build.0 = Debug|Any CPU
		{98320812-3927-4F4A-B27A-40ABDDFDC9F0}.Release|Any CPU.ActiveCfg = Release|Any CPU
		{98320812-3927-4F4A-B27A-40ABDDFDC9F0}.Release|Any CPU.Build.0 = Release|Any CPU
	EndGlobalSection
	GlobalSection(SolutionProperties) = preSolution
		HideSolutionNode = FALSE
	EndGlobalSection
	GlobalSection(ExtensibilityGlobals) = postSolution
		SolutionGuid = {72AB9D78-38C1-4562-81DE-50420A386E68}
	EndGlobalSection
EndGlobal
